// !$*UTF8*$!
{
	archiveVersion = 1;
	classes = {
	};
	objectVersion = 56;
	objects = {

/* Begin PBXBuildFile section */
		81DF3E19296F69D000F7CAFE /* PEMPal_1_0App.swift in Sources */ = {isa = PBXBuildFile; fileRef = 81DF3E18296F69D000F7CAFE /* PEMPal_1_0App.swift */; };
		81DF3E1B296F69D000F7CAFE /* ContentView.swift in Sources */ = {isa = PBXBuildFile; fileRef = 81DF3E1A296F69D000F7CAFE /* ContentView.swift */; };
		81DF3E1D296F69D100F7CAFE /* Assets.xcassets in Resources */ = {isa = PBXBuildFile; fileRef = 81DF3E1C296F69D100F7CAFE /* Assets.xcassets */; };
		81DF3E20296F69D100F7CAFE /* Preview Assets.xcassets in Resources */ = {isa = PBXBuildFile; fileRef = 81DF3E1F296F69D100F7CAFE /* Preview Assets.xcassets */; };
		81DF3E2A296F69D100F7CAFE /* PEMPal_1_0Tests.swift in Sources */ = {isa = PBXBuildFile; fileRef = 81DF3E29296F69D100F7CAFE /* PEMPal_1_0Tests.swift */; };
		81DF3E34296F69D100F7CAFE /* PEMPal_1_0UITests.swift in Sources */ = {isa = PBXBuildFile; fileRef = 81DF3E33296F69D100F7CAFE /* PEMPal_1_0UITests.swift */; };
		81DF3E36296F69D100F7CAFE /* PEMPal_1_0UITestsLaunchTests.swift in Sources */ = {isa = PBXBuildFile; fileRef = 81DF3E35296F69D100F7CAFE /* PEMPal_1_0UITestsLaunchTests.swift */; };
		81DF3E3C296F69D100F7CAFE /* PEMPal.1.0 Watch App.app in Embed Watch Content */ = {isa = PBXBuildFile; fileRef = 81DF3E3B296F69D100F7CAFE /* PEMPal.1.0 Watch App.app */; settings = {ATTRIBUTES = (RemoveHeadersOnCopy, ); }; };
		81DF3E41296F69D100F7CAFE /* PEMPal_1_0App.swift in Sources */ = {isa = PBXBuildFile; fileRef = 81DF3E40296F69D100F7CAFE /* PEMPal_1_0App.swift */; };
		81DF3E43296F69D100F7CAFE /* ContentView.swift in Sources */ = {isa = PBXBuildFile; fileRef = 81DF3E42296F69D100F7CAFE /* ContentView.swift */; };
		81DF3E45296F69D200F7CAFE /* Assets.xcassets in Resources */ = {isa = PBXBuildFile; fileRef = 81DF3E44296F69D200F7CAFE /* Assets.xcassets */; };
		81DF3E48296F69D200F7CAFE /* Preview Assets.xcassets in Resources */ = {isa = PBXBuildFile; fileRef = 81DF3E47296F69D200F7CAFE /* Preview Assets.xcassets */; };
		81DF3E52296F69D200F7CAFE /* PEMPal_1_0_Watch_AppTests.swift in Sources */ = {isa = PBXBuildFile; fileRef = 81DF3E51296F69D200F7CAFE /* PEMPal_1_0_Watch_AppTests.swift */; };
		81DF3E5C296F69D200F7CAFE /* PEMPal_1_0_Watch_AppUITests.swift in Sources */ = {isa = PBXBuildFile; fileRef = 81DF3E5B296F69D200F7CAFE /* PEMPal_1_0_Watch_AppUITests.swift */; };
		81DF3E5E296F69D200F7CAFE /* PEMPal_1_0_Watch_AppUITestsLaunchTests.swift in Sources */ = {isa = PBXBuildFile; fileRef = 81DF3E5D296F69D200F7CAFE /* PEMPal_1_0_Watch_AppUITestsLaunchTests.swift */; };
		81DF3E7B296F78FA00F7CAFE /* logo.swift in Sources */ = {isa = PBXBuildFile; fileRef = 81DF3E7A296F78FA00F7CAFE /* logo.swift */; };
		81DF3EB52978C55900F7CAFE /* HomePageView.swift in Sources */ = {isa = PBXBuildFile; fileRef = 81DF3EB42978C55900F7CAFE /* HomePageView.swift */; };
/* End PBXBuildFile section */

/* Begin PBXContainerItemProxy section */
		81DF3E26296F69D100F7CAFE /* PBXContainerItemProxy */ = {
			isa = PBXContainerItemProxy;
			containerPortal = 81DF3E0D296F69D000F7CAFE /* Project object */;
			proxyType = 1;
			remoteGlobalIDString = 81DF3E14296F69D000F7CAFE;
			remoteInfo = PEMPal.1.0;
		};
		81DF3E30296F69D100F7CAFE /* PBXContainerItemProxy */ = {
			isa = PBXContainerItemProxy;
			containerPortal = 81DF3E0D296F69D000F7CAFE /* Project object */;
			proxyType = 1;
			remoteGlobalIDString = 81DF3E14296F69D000F7CAFE;
			remoteInfo = PEMPal.1.0;
		};
		81DF3E3D296F69D100F7CAFE /* PBXContainerItemProxy */ = {
			isa = PBXContainerItemProxy;
			containerPortal = 81DF3E0D296F69D000F7CAFE /* Project object */;
			proxyType = 1;
			remoteGlobalIDString = 81DF3E3A296F69D100F7CAFE;
			remoteInfo = "PEMPal.1.0 Watch App";
		};
		81DF3E4E296F69D200F7CAFE /* PBXContainerItemProxy */ = {
			isa = PBXContainerItemProxy;
			containerPortal = 81DF3E0D296F69D000F7CAFE /* Project object */;
			proxyType = 1;
			remoteGlobalIDString = 81DF3E3A296F69D100F7CAFE;
			remoteInfo = "PEMPal.1.0 Watch App";
		};
		81DF3E58296F69D200F7CAFE /* PBXContainerItemProxy */ = {
			isa = PBXContainerItemProxy;
			containerPortal = 81DF3E0D296F69D000F7CAFE /* Project object */;
			proxyType = 1;
			remoteGlobalIDString = 81DF3E3A296F69D100F7CAFE;
			remoteInfo = "PEMPal.1.0 Watch App";
		};
/* End PBXContainerItemProxy section */

/* Begin PBXCopyFilesBuildPhase section */
		81DF3E64296F69D200F7CAFE /* Embed Watch Content */ = {
			isa = PBXCopyFilesBuildPhase;
			buildActionMask = 2147483647;
			dstPath = "$(CONTENTS_FOLDER_PATH)/Watch";
			dstSubfolderSpec = 16;
			files = (
				81DF3E3C296F69D100F7CAFE /* PEMPal.1.0 Watch App.app in Embed Watch Content */,
			);
			name = "Embed Watch Content";
			runOnlyForDeploymentPostprocessing = 0;
		};
/* End PBXCopyFilesBuildPhase section */

/* Begin PBXFileReference section */
		81DF3E15296F69D000F7CAFE /* PEMPal.1.0.app */ = {isa = PBXFileReference; explicitFileType = wrapper.application; includeInIndex = 0; path = PEMPal.1.0.app; sourceTree = BUILT_PRODUCTS_DIR; };
		81DF3E18296F69D000F7CAFE /* PEMPal_1_0App.swift */ = {isa = PBXFileReference; lastKnownFileType = sourcecode.swift; path = PEMPal_1_0App.swift; sourceTree = "<group>"; };
		81DF3E1A296F69D000F7CAFE /* ContentView.swift */ = {isa = PBXFileReference; lastKnownFileType = sourcecode.swift; path = ContentView.swift; sourceTree = "<group>"; xcLanguageSpecificationIdentifier = xcode.lang.swift; };
		81DF3E1C296F69D100F7CAFE /* Assets.xcassets */ = {isa = PBXFileReference; lastKnownFileType = folder.assetcatalog; path = Assets.xcassets; sourceTree = "<group>"; };
		81DF3E1F296F69D100F7CAFE /* Preview Assets.xcassets */ = {isa = PBXFileReference; lastKnownFileType = folder.assetcatalog; path = "Preview Assets.xcassets"; sourceTree = "<group>"; };
		81DF3E25296F69D100F7CAFE /* PEMPal.1.0Tests.xctest */ = {isa = PBXFileReference; explicitFileType = wrapper.cfbundle; includeInIndex = 0; path = PEMPal.1.0Tests.xctest; sourceTree = BUILT_PRODUCTS_DIR; };
		81DF3E29296F69D100F7CAFE /* PEMPal_1_0Tests.swift */ = {isa = PBXFileReference; lastKnownFileType = sourcecode.swift; path = PEMPal_1_0Tests.swift; sourceTree = "<group>"; };
		81DF3E2F296F69D100F7CAFE /* PEMPal.1.0UITests.xctest */ = {isa = PBXFileReference; explicitFileType = wrapper.cfbundle; includeInIndex = 0; path = PEMPal.1.0UITests.xctest; sourceTree = BUILT_PRODUCTS_DIR; };
		81DF3E33296F69D100F7CAFE /* PEMPal_1_0UITests.swift */ = {isa = PBXFileReference; lastKnownFileType = sourcecode.swift; path = PEMPal_1_0UITests.swift; sourceTree = "<group>"; };
		81DF3E35296F69D100F7CAFE /* PEMPal_1_0UITestsLaunchTests.swift */ = {isa = PBXFileReference; lastKnownFileType = sourcecode.swift; path = PEMPal_1_0UITestsLaunchTests.swift; sourceTree = "<group>"; };
		81DF3E3B296F69D100F7CAFE /* PEMPal.1.0 Watch App.app */ = {isa = PBXFileReference; explicitFileType = wrapper.application; includeInIndex = 0; path = "PEMPal.1.0 Watch App.app"; sourceTree = BUILT_PRODUCTS_DIR; };
		81DF3E40296F69D100F7CAFE /* PEMPal_1_0App.swift */ = {isa = PBXFileReference; lastKnownFileType = sourcecode.swift; path = PEMPal_1_0App.swift; sourceTree = "<group>"; };
		81DF3E42296F69D100F7CAFE /* ContentView.swift */ = {isa = PBXFileReference; lastKnownFileType = sourcecode.swift; path = ContentView.swift; sourceTree = "<group>"; };
		81DF3E44296F69D200F7CAFE /* Assets.xcassets */ = {isa = PBXFileReference; lastKnownFileType = folder.assetcatalog; path = Assets.xcassets; sourceTree = "<group>"; };
		81DF3E47296F69D200F7CAFE /* Preview Assets.xcassets */ = {isa = PBXFileReference; lastKnownFileType = folder.assetcatalog; path = "Preview Assets.xcassets"; sourceTree = "<group>"; };
		81DF3E4D296F69D200F7CAFE /* PEMPal.1.0 Watch AppTests.xctest */ = {isa = PBXFileReference; explicitFileType = wrapper.cfbundle; includeInIndex = 0; path = "PEMPal.1.0 Watch AppTests.xctest"; sourceTree = BUILT_PRODUCTS_DIR; };
		81DF3E51296F69D200F7CAFE /* PEMPal_1_0_Watch_AppTests.swift */ = {isa = PBXFileReference; lastKnownFileType = sourcecode.swift; path = PEMPal_1_0_Watch_AppTests.swift; sourceTree = "<group>"; };
		81DF3E57296F69D200F7CAFE /* PEMPal.1.0 Watch AppUITests.xctest */ = {isa = PBXFileReference; explicitFileType = wrapper.cfbundle; includeInIndex = 0; path = "PEMPal.1.0 Watch AppUITests.xctest"; sourceTree = BUILT_PRODUCTS_DIR; };
		81DF3E5B296F69D200F7CAFE /* PEMPal_1_0_Watch_AppUITests.swift */ = {isa = PBXFileReference; lastKnownFileType = sourcecode.swift; path = PEMPal_1_0_Watch_AppUITests.swift; sourceTree = "<group>"; };
		81DF3E5D296F69D200F7CAFE /* PEMPal_1_0_Watch_AppUITestsLaunchTests.swift */ = {isa = PBXFileReference; lastKnownFileType = sourcecode.swift; path = PEMPal_1_0_Watch_AppUITestsLaunchTests.swift; sourceTree = "<group>"; };
		81DF3E7A296F78FA00F7CAFE /* logo.swift */ = {isa = PBXFileReference; lastKnownFileType = sourcecode.swift; path = logo.swift; sourceTree = "<group>"; };
		81DF3EB42978C55900F7CAFE /* HomePageView.swift */ = {isa = PBXFileReference; lastKnownFileType = sourcecode.swift; path = HomePageView.swift; sourceTree = "<group>"; };
/* End PBXFileReference section */

/* Begin PBXFrameworksBuildPhase section */
		81DF3E12296F69D000F7CAFE /* Frameworks */ = {
			isa = PBXFrameworksBuildPhase;
			buildActionMask = 2147483647;
			files = (
			);
			runOnlyForDeploymentPostprocessing = 0;
		};
		81DF3E22296F69D100F7CAFE /* Frameworks */ = {
			isa = PBXFrameworksBuildPhase;
			buildActionMask = 2147483647;
			files = (
			);
			runOnlyForDeploymentPostprocessing = 0;
		};
		81DF3E2C296F69D100F7CAFE /* Frameworks */ = {
			isa = PBXFrameworksBuildPhase;
			buildActionMask = 2147483647;
			files = (
			);
			runOnlyForDeploymentPostprocessing = 0;
		};
		81DF3E38296F69D100F7CAFE /* Frameworks */ = {
			isa = PBXFrameworksBuildPhase;
			buildActionMask = 2147483647;
			files = (
			);
			runOnlyForDeploymentPostprocessing = 0;
		};
		81DF3E4A296F69D200F7CAFE /* Frameworks */ = {
			isa = PBXFrameworksBuildPhase;
			buildActionMask = 2147483647;
			files = (
			);
			runOnlyForDeploymentPostprocessing = 0;
		};
		81DF3E54296F69D200F7CAFE /* Frameworks */ = {
			isa = PBXFrameworksBuildPhase;
			buildActionMask = 2147483647;
			files = (
			);
			runOnlyForDeploymentPostprocessing = 0;
		};
/* End PBXFrameworksBuildPhase section */

/* Begin PBXGroup section */
		81DF3E0C296F69D000F7CAFE = {
			isa = PBXGroup;
			children = (
				81DF3E17296F69D000F7CAFE /* PEMPal.1.0 */,
				81DF3E28296F69D100F7CAFE /* PEMPal.1.0Tests */,
				81DF3E32296F69D100F7CAFE /* PEMPal.1.0UITests */,
				81DF3E3F296F69D100F7CAFE /* PEMPal.1.0 Watch App */,
				81DF3E50296F69D200F7CAFE /* PEMPal.1.0 Watch AppTests */,
				81DF3E5A296F69D200F7CAFE /* PEMPal.1.0 Watch AppUITests */,
				81DF3E16296F69D000F7CAFE /* Products */,
			);
			sourceTree = "<group>";
		};
		81DF3E16296F69D000F7CAFE /* Products */ = {
			isa = PBXGroup;
			children = (
				81DF3E15296F69D000F7CAFE /* PEMPal.1.0.app */,
				81DF3E25296F69D100F7CAFE /* PEMPal.1.0Tests.xctest */,
				81DF3E2F296F69D100F7CAFE /* PEMPal.1.0UITests.xctest */,
				81DF3E3B296F69D100F7CAFE /* PEMPal.1.0 Watch App.app */,
				81DF3E4D296F69D200F7CAFE /* PEMPal.1.0 Watch AppTests.xctest */,
				81DF3E57296F69D200F7CAFE /* PEMPal.1.0 Watch AppUITests.xctest */,
			);
			name = Products;
			sourceTree = "<group>";
		};
		81DF3E17296F69D000F7CAFE /* PEMPal.1.0 */ = {
			isa = PBXGroup;
			children = (
				81DF3E18296F69D000F7CAFE /* PEMPal_1_0App.swift */,
				81DF3E1A296F69D000F7CAFE /* ContentView.swift */,
				81DF3EB42978C55900F7CAFE /* HomePageView.swift */,
				81DF3E7A296F78FA00F7CAFE /* logo.swift */,
				81DF3E1C296F69D100F7CAFE /* Assets.xcassets */,
				81DF3E1E296F69D100F7CAFE /* Preview Content */,
			);
			path = PEMPal.1.0;
			sourceTree = "<group>";
		};
		81DF3E1E296F69D100F7CAFE /* Preview Content */ = {
			isa = PBXGroup;
			children = (
				81DF3E1F296F69D100F7CAFE /* Preview Assets.xcassets */,
			);
			path = "Preview Content";
			sourceTree = "<group>";
		};
		81DF3E28296F69D100F7CAFE /* PEMPal.1.0Tests */ = {
			isa = PBXGroup;
			children = (
				81DF3E29296F69D100F7CAFE /* PEMPal_1_0Tests.swift */,
			);
			path = PEMPal.1.0Tests;
			sourceTree = "<group>";
		};
		81DF3E32296F69D100F7CAFE /* PEMPal.1.0UITests */ = {
			isa = PBXGroup;
			children = (
				81DF3E33296F69D100F7CAFE /* PEMPal_1_0UITests.swift */,
				81DF3E35296F69D100F7CAFE /* PEMPal_1_0UITestsLaunchTests.swift */,
			);
			path = PEMPal.1.0UITests;
			sourceTree = "<group>";
		};
		81DF3E3F296F69D100F7CAFE /* PEMPal.1.0 Watch App */ = {
			isa = PBXGroup;
			children = (
				81DF3E40296F69D100F7CAFE /* PEMPal_1_0App.swift */,
				81DF3E42296F69D100F7CAFE /* ContentView.swift */,
				81DF3E44296F69D200F7CAFE /* Assets.xcassets */,
				81DF3E46296F69D200F7CAFE /* Preview Content */,
			);
			path = "PEMPal.1.0 Watch App";
			sourceTree = "<group>";
		};
		81DF3E46296F69D200F7CAFE /* Preview Content */ = {
			isa = PBXGroup;
			children = (
				81DF3E47296F69D200F7CAFE /* Preview Assets.xcassets */,
			);
			path = "Preview Content";
			sourceTree = "<group>";
		};
		81DF3E50296F69D200F7CAFE /* PEMPal.1.0 Watch AppTests */ = {
			isa = PBXGroup;
			children = (
				81DF3E51296F69D200F7CAFE /* PEMPal_1_0_Watch_AppTests.swift */,
			);
			path = "PEMPal.1.0 Watch AppTests";
			sourceTree = "<group>";
		};
		81DF3E5A296F69D200F7CAFE /* PEMPal.1.0 Watch AppUITests */ = {
			isa = PBXGroup;
			children = (
				81DF3E5B296F69D200F7CAFE /* PEMPal_1_0_Watch_AppUITests.swift */,
				81DF3E5D296F69D200F7CAFE /* PEMPal_1_0_Watch_AppUITestsLaunchTests.swift */,
			);
			path = "PEMPal.1.0 Watch AppUITests";
			sourceTree = "<group>";
		};
/* End PBXGroup section */

/* Begin PBXNativeTarget section */
		81DF3E14296F69D000F7CAFE /* PEMPal.1.0 */ = {
			isa = PBXNativeTarget;
			buildConfigurationList = 81DF3E65296F69D200F7CAFE /* Build configuration list for PBXNativeTarget "PEMPal.1.0" */;
			buildPhases = (
				81DF3E11296F69D000F7CAFE /* Sources */,
				81DF3E12296F69D000F7CAFE /* Frameworks */,
				81DF3E13296F69D000F7CAFE /* Resources */,
				81DF3E64296F69D200F7CAFE /* Embed Watch Content */,
			);
			buildRules = (
			);
			dependencies = (
				81DF3E3E296F69D100F7CAFE /* PBXTargetDependency */,
			);
			name = PEMPal.1.0;
			productName = PEMPal.1.0;
			productReference = 81DF3E15296F69D000F7CAFE /* PEMPal.1.0.app */;
			productType = "com.apple.product-type.application";
		};
		81DF3E24296F69D100F7CAFE /* PEMPal.1.0Tests */ = {
			isa = PBXNativeTarget;
			buildConfigurationList = 81DF3E68296F69D200F7CAFE /* Build configuration list for PBXNativeTarget "PEMPal.1.0Tests" */;
			buildPhases = (
				81DF3E21296F69D100F7CAFE /* Sources */,
				81DF3E22296F69D100F7CAFE /* Frameworks */,
				81DF3E23296F69D100F7CAFE /* Resources */,
			);
			buildRules = (
			);
			dependencies = (
				81DF3E27296F69D100F7CAFE /* PBXTargetDependency */,
			);
			name = PEMPal.1.0Tests;
			productName = PEMPal.1.0Tests;
			productReference = 81DF3E25296F69D100F7CAFE /* PEMPal.1.0Tests.xctest */;
			productType = "com.apple.product-type.bundle.unit-test";
		};
		81DF3E2E296F69D100F7CAFE /* PEMPal.1.0UITests */ = {
			isa = PBXNativeTarget;
			buildConfigurationList = 81DF3E6B296F69D200F7CAFE /* Build configuration list for PBXNativeTarget "PEMPal.1.0UITests" */;
			buildPhases = (
				81DF3E2B296F69D100F7CAFE /* Sources */,
				81DF3E2C296F69D100F7CAFE /* Frameworks */,
				81DF3E2D296F69D100F7CAFE /* Resources */,
			);
			buildRules = (
			);
			dependencies = (
				81DF3E31296F69D100F7CAFE /* PBXTargetDependency */,
			);
			name = PEMPal.1.0UITests;
			productName = PEMPal.1.0UITests;
			productReference = 81DF3E2F296F69D100F7CAFE /* PEMPal.1.0UITests.xctest */;
			productType = "com.apple.product-type.bundle.ui-testing";
		};
		81DF3E3A296F69D100F7CAFE /* PEMPal.1.0 Watch App */ = {
			isa = PBXNativeTarget;
			buildConfigurationList = 81DF3E61296F69D200F7CAFE /* Build configuration list for PBXNativeTarget "PEMPal.1.0 Watch App" */;
			buildPhases = (
				81DF3E37296F69D100F7CAFE /* Sources */,
				81DF3E38296F69D100F7CAFE /* Frameworks */,
				81DF3E39296F69D100F7CAFE /* Resources */,
			);
			buildRules = (
			);
			dependencies = (
			);
			name = "PEMPal.1.0 Watch App";
			productName = "PEMPal.1.0 Watch App";
			productReference = 81DF3E3B296F69D100F7CAFE /* PEMPal.1.0 Watch App.app */;
			productType = "com.apple.product-type.application";
		};
		81DF3E4C296F69D200F7CAFE /* PEMPal.1.0 Watch AppTests */ = {
			isa = PBXNativeTarget;
			buildConfigurationList = 81DF3E6E296F69D200F7CAFE /* Build configuration list for PBXNativeTarget "PEMPal.1.0 Watch AppTests" */;
			buildPhases = (
				81DF3E49296F69D200F7CAFE /* Sources */,
				81DF3E4A296F69D200F7CAFE /* Frameworks */,
				81DF3E4B296F69D200F7CAFE /* Resources */,
			);
			buildRules = (
			);
			dependencies = (
				81DF3E4F296F69D200F7CAFE /* PBXTargetDependency */,
			);
			name = "PEMPal.1.0 Watch AppTests";
			productName = "PEMPal.1.0 Watch AppTests";
			productReference = 81DF3E4D296F69D200F7CAFE /* PEMPal.1.0 Watch AppTests.xctest */;
			productType = "com.apple.product-type.bundle.unit-test";
		};
		81DF3E56296F69D200F7CAFE /* PEMPal.1.0 Watch AppUITests */ = {
			isa = PBXNativeTarget;
			buildConfigurationList = 81DF3E71296F69D200F7CAFE /* Build configuration list for PBXNativeTarget "PEMPal.1.0 Watch AppUITests" */;
			buildPhases = (
				81DF3E53296F69D200F7CAFE /* Sources */,
				81DF3E54296F69D200F7CAFE /* Frameworks */,
				81DF3E55296F69D200F7CAFE /* Resources */,
			);
			buildRules = (
			);
			dependencies = (
				81DF3E59296F69D200F7CAFE /* PBXTargetDependency */,
			);
			name = "PEMPal.1.0 Watch AppUITests";
			productName = "PEMPal.1.0 Watch AppUITests";
			productReference = 81DF3E57296F69D200F7CAFE /* PEMPal.1.0 Watch AppUITests.xctest */;
			productType = "com.apple.product-type.bundle.ui-testing";
		};
/* End PBXNativeTarget section */

/* Begin PBXProject section */
		81DF3E0D296F69D000F7CAFE /* Project object */ = {
			isa = PBXProject;
			attributes = {
				BuildIndependentTargetsInParallel = 1;
				LastSwiftUpdateCheck = 1420;
				LastUpgradeCheck = 1420;
				TargetAttributes = {
					81DF3E14296F69D000F7CAFE = {
						CreatedOnToolsVersion = 14.2;
					};
					81DF3E24296F69D100F7CAFE = {
						CreatedOnToolsVersion = 14.2;
						TestTargetID = 81DF3E14296F69D000F7CAFE;
					};
					81DF3E2E296F69D100F7CAFE = {
						CreatedOnToolsVersion = 14.2;
						TestTargetID = 81DF3E14296F69D000F7CAFE;
					};
					81DF3E3A296F69D100F7CAFE = {
						CreatedOnToolsVersion = 14.2;
					};
					81DF3E4C296F69D200F7CAFE = {
						CreatedOnToolsVersion = 14.2;
						TestTargetID = 81DF3E3A296F69D100F7CAFE;
					};
					81DF3E56296F69D200F7CAFE = {
						CreatedOnToolsVersion = 14.2;
						TestTargetID = 81DF3E3A296F69D100F7CAFE;
					};
				};
			};
			buildConfigurationList = 81DF3E10296F69D000F7CAFE /* Build configuration list for PBXProject "PEMPal.1.0" */;
			compatibilityVersion = "Xcode 14.0";
			developmentRegion = en;
			hasScannedForEncodings = 0;
			knownRegions = (
				en,
				Base,
			);
			mainGroup = 81DF3E0C296F69D000F7CAFE;
			productRefGroup = 81DF3E16296F69D000F7CAFE /* Products */;
			projectDirPath = "";
			projectRoot = "";
			targets = (
				81DF3E14296F69D000F7CAFE /* PEMPal.1.0 */,
				81DF3E24296F69D100F7CAFE /* PEMPal.1.0Tests */,
				81DF3E2E296F69D100F7CAFE /* PEMPal.1.0UITests */,
				81DF3E3A296F69D100F7CAFE /* PEMPal.1.0 Watch App */,
				81DF3E4C296F69D200F7CAFE /* PEMPal.1.0 Watch AppTests */,
				81DF3E56296F69D200F7CAFE /* PEMPal.1.0 Watch AppUITests */,
			);
		};
/* End PBXProject section */

/* Begin PBXResourcesBuildPhase section */
		81DF3E13296F69D000F7CAFE /* Resources */ = {
			isa = PBXResourcesBuildPhase;
			buildActionMask = 2147483647;
			files = (
				81DF3E20296F69D100F7CAFE /* Preview Assets.xcassets in Resources */,
				81DF3E1D296F69D100F7CAFE /* Assets.xcassets in Resources */,
			);
			runOnlyForDeploymentPostprocessing = 0;
		};
		81DF3E23296F69D100F7CAFE /* Resources */ = {
			isa = PBXResourcesBuildPhase;
			buildActionMask = 2147483647;
			files = (
			);
			runOnlyForDeploymentPostprocessing = 0;
		};
		81DF3E2D296F69D100F7CAFE /* Resources */ = {
			isa = PBXResourcesBuildPhase;
			buildActionMask = 2147483647;
			files = (
			);
			runOnlyForDeploymentPostprocessing = 0;
		};
		81DF3E39296F69D100F7CAFE /* Resources */ = {
			isa = PBXResourcesBuildPhase;
			buildActionMask = 2147483647;
			files = (
				81DF3E48296F69D200F7CAFE /* Preview Assets.xcassets in Resources */,
				81DF3E45296F69D200F7CAFE /* Assets.xcassets in Resources */,
			);
			runOnlyForDeploymentPostprocessing = 0;
		};
		81DF3E4B296F69D200F7CAFE /* Resources */ = {
			isa = PBXResourcesBuildPhase;
			buildActionMask = 2147483647;
			files = (
			);
			runOnlyForDeploymentPostprocessing = 0;
		};
		81DF3E55296F69D200F7CAFE /* Resources */ = {
			isa = PBXResourcesBuildPhase;
			buildActionMask = 2147483647;
			files = (
			);
			runOnlyForDeploymentPostprocessing = 0;
		};
/* End PBXResourcesBuildPhase section */

/* Begin PBXSourcesBuildPhase section */
		81DF3E11296F69D000F7CAFE /* Sources */ = {
			isa = PBXSourcesBuildPhase;
			buildActionMask = 2147483647;
			files = (
				81DF3E7B296F78FA00F7CAFE /* logo.swift in Sources */,
				81DF3E1B296F69D000F7CAFE /* ContentView.swift in Sources */,
				81DF3EB52978C55900F7CAFE /* HomePageView.swift in Sources */,
				81DF3E19296F69D000F7CAFE /* PEMPal_1_0App.swift in Sources */,
			);
			runOnlyForDeploymentPostprocessing = 0;
		};
		81DF3E21296F69D100F7CAFE /* Sources */ = {
			isa = PBXSourcesBuildPhase;
			buildActionMask = 2147483647;
			files = (
				81DF3E2A296F69D100F7CAFE /* PEMPal_1_0Tests.swift in Sources */,
			);
			runOnlyForDeploymentPostprocessing = 0;
		};
		81DF3E2B296F69D100F7CAFE /* Sources */ = {
			isa = PBXSourcesBuildPhase;
			buildActionMask = 2147483647;
			files = (
				81DF3E36296F69D100F7CAFE /* PEMPal_1_0UITestsLaunchTests.swift in Sources */,
				81DF3E34296F69D100F7CAFE /* PEMPal_1_0UITests.swift in Sources */,
			);
			runOnlyForDeploymentPostprocessing = 0;
		};
		81DF3E37296F69D100F7CAFE /* Sources */ = {
			isa = PBXSourcesBuildPhase;
			buildActionMask = 2147483647;
			files = (
				81DF3E43296F69D100F7CAFE /* ContentView.swift in Sources */,
				81DF3E41296F69D100F7CAFE /* PEMPal_1_0App.swift in Sources */,
			);
			runOnlyForDeploymentPostprocessing = 0;
		};
		81DF3E49296F69D200F7CAFE /* Sources */ = {
			isa = PBXSourcesBuildPhase;
			buildActionMask = 2147483647;
			files = (
				81DF3E52296F69D200F7CAFE /* PEMPal_1_0_Watch_AppTests.swift in Sources */,
			);
			runOnlyForDeploymentPostprocessing = 0;
		};
		81DF3E53296F69D200F7CAFE /* Sources */ = {
			isa = PBXSourcesBuildPhase;
			buildActionMask = 2147483647;
			files = (
				81DF3E5E296F69D200F7CAFE /* PEMPal_1_0_Watch_AppUITestsLaunchTests.swift in Sources */,
				81DF3E5C296F69D200F7CAFE /* PEMPal_1_0_Watch_AppUITests.swift in Sources */,
			);
			runOnlyForDeploymentPostprocessing = 0;
		};
/* End PBXSourcesBuildPhase section */

/* Begin PBXTargetDependency section */
		81DF3E27296F69D100F7CAFE /* PBXTargetDependency */ = {
			isa = PBXTargetDependency;
			target = 81DF3E14296F69D000F7CAFE /* PEMPal.1.0 */;
			targetProxy = 81DF3E26296F69D100F7CAFE /* PBXContainerItemProxy */;
		};
		81DF3E31296F69D100F7CAFE /* PBXTargetDependency */ = {
			isa = PBXTargetDependency;
			target = 81DF3E14296F69D000F7CAFE /* PEMPal.1.0 */;
			targetProxy = 81DF3E30296F69D100F7CAFE /* PBXContainerItemProxy */;
		};
		81DF3E3E296F69D100F7CAFE /* PBXTargetDependency */ = {
			isa = PBXTargetDependency;
			target = 81DF3E3A296F69D100F7CAFE /* PEMPal.1.0 Watch App */;
			targetProxy = 81DF3E3D296F69D100F7CAFE /* PBXContainerItemProxy */;
		};
		81DF3E4F296F69D200F7CAFE /* PBXTargetDependency */ = {
			isa = PBXTargetDependency;
			target = 81DF3E3A296F69D100F7CAFE /* PEMPal.1.0 Watch App */;
			targetProxy = 81DF3E4E296F69D200F7CAFE /* PBXContainerItemProxy */;
		};
		81DF3E59296F69D200F7CAFE /* PBXTargetDependency */ = {
			isa = PBXTargetDependency;
			target = 81DF3E3A296F69D100F7CAFE /* PEMPal.1.0 Watch App */;
			targetProxy = 81DF3E58296F69D200F7CAFE /* PBXContainerItemProxy */;
		};
/* End PBXTargetDependency section */

/* Begin XCBuildConfiguration section */
		81DF3E5F296F69D200F7CAFE /* Debug */ = {
			isa = XCBuildConfiguration;
			buildSettings = {
				ALWAYS_SEARCH_USER_PATHS = NO;
				CLANG_ANALYZER_NONNULL = YES;
				CLANG_ANALYZER_NUMBER_OBJECT_CONVERSION = YES_AGGRESSIVE;
				CLANG_CXX_LANGUAGE_STANDARD = "gnu++20";
				CLANG_ENABLE_MODULES = YES;
				CLANG_ENABLE_OBJC_ARC = YES;
				CLANG_ENABLE_OBJC_WEAK = YES;
				CLANG_WARN_BLOCK_CAPTURE_AUTORELEASING = YES;
				CLANG_WARN_BOOL_CONVERSION = YES;
				CLANG_WARN_COMMA = YES;
				CLANG_WARN_CONSTANT_CONVERSION = YES;
				CLANG_WARN_DEPRECATED_OBJC_IMPLEMENTATIONS = YES;
				CLANG_WARN_DIRECT_OBJC_ISA_USAGE = YES_ERROR;
				CLANG_WARN_DOCUMENTATION_COMMENTS = YES;
				CLANG_WARN_EMPTY_BODY = YES;
				CLANG_WARN_ENUM_CONVERSION = YES;
				CLANG_WARN_INFINITE_RECURSION = YES;
				CLANG_WARN_INT_CONVERSION = YES;
				CLANG_WARN_NON_LITERAL_NULL_CONVERSION = YES;
				CLANG_WARN_OBJC_IMPLICIT_RETAIN_SELF = YES;
				CLANG_WARN_OBJC_LITERAL_CONVERSION = YES;
				CLANG_WARN_OBJC_ROOT_CLASS = YES_ERROR;
				CLANG_WARN_QUOTED_INCLUDE_IN_FRAMEWORK_HEADER = YES;
				CLANG_WARN_RANGE_LOOP_ANALYSIS = YES;
				CLANG_WARN_STRICT_PROTOTYPES = YES;
				CLANG_WARN_SUSPICIOUS_MOVE = YES;
				CLANG_WARN_UNGUARDED_AVAILABILITY = YES_AGGRESSIVE;
				CLANG_WARN_UNREACHABLE_CODE = YES;
				CLANG_WARN__DUPLICATE_METHOD_MATCH = YES;
				COPY_PHASE_STRIP = NO;
				DEBUG_INFORMATION_FORMAT = dwarf;
				ENABLE_STRICT_OBJC_MSGSEND = YES;
				ENABLE_TESTABILITY = YES;
				GCC_C_LANGUAGE_STANDARD = gnu11;
				GCC_DYNAMIC_NO_PIC = NO;
				GCC_NO_COMMON_BLOCKS = YES;
				GCC_OPTIMIZATION_LEVEL = 0;
				GCC_PREPROCESSOR_DEFINITIONS = (
					"DEBUG=1",
					"$(inherited)",
				);
				GCC_WARN_64_TO_32_BIT_CONVERSION = YES;
				GCC_WARN_ABOUT_RETURN_TYPE = YES_ERROR;
				GCC_WARN_UNDECLARED_SELECTOR = YES;
				GCC_WARN_UNINITIALIZED_AUTOS = YES_AGGRESSIVE;
				GCC_WARN_UNUSED_FUNCTION = YES;
				GCC_WARN_UNUSED_VARIABLE = YES;
				MTL_ENABLE_DEBUG_INFO = INCLUDE_SOURCE;
				MTL_FAST_MATH = YES;
				ONLY_ACTIVE_ARCH = YES;
				SWIFT_ACTIVE_COMPILATION_CONDITIONS = DEBUG;
				SWIFT_OPTIMIZATION_LEVEL = "-Onone";
			};
			name = Debug;
		};
		81DF3E60296F69D200F7CAFE /* Release */ = {
			isa = XCBuildConfiguration;
			buildSettings = {
				ALWAYS_SEARCH_USER_PATHS = NO;
				CLANG_ANALYZER_NONNULL = YES;
				CLANG_ANALYZER_NUMBER_OBJECT_CONVERSION = YES_AGGRESSIVE;
				CLANG_CXX_LANGUAGE_STANDARD = "gnu++20";
				CLANG_ENABLE_MODULES = YES;
				CLANG_ENABLE_OBJC_ARC = YES;
				CLANG_ENABLE_OBJC_WEAK = YES;
				CLANG_WARN_BLOCK_CAPTURE_AUTORELEASING = YES;
				CLANG_WARN_BOOL_CONVERSION = YES;
				CLANG_WARN_COMMA = YES;
				CLANG_WARN_CONSTANT_CONVERSION = YES;
				CLANG_WARN_DEPRECATED_OBJC_IMPLEMENTATIONS = YES;
				CLANG_WARN_DIRECT_OBJC_ISA_USAGE = YES_ERROR;
				CLANG_WARN_DOCUMENTATION_COMMENTS = YES;
				CLANG_WARN_EMPTY_BODY = YES;
				CLANG_WARN_ENUM_CONVERSION = YES;
				CLANG_WARN_INFINITE_RECURSION = YES;
				CLANG_WARN_INT_CONVERSION = YES;
				CLANG_WARN_NON_LITERAL_NULL_CONVERSION = YES;
				CLANG_WARN_OBJC_IMPLICIT_RETAIN_SELF = YES;
				CLANG_WARN_OBJC_LITERAL_CONVERSION = YES;
				CLANG_WARN_OBJC_ROOT_CLASS = YES_ERROR;
				CLANG_WARN_QUOTED_INCLUDE_IN_FRAMEWORK_HEADER = YES;
				CLANG_WARN_RANGE_LOOP_ANALYSIS = YES;
				CLANG_WARN_STRICT_PROTOTYPES = YES;
				CLANG_WARN_SUSPICIOUS_MOVE = YES;
				CLANG_WARN_UNGUARDED_AVAILABILITY = YES_AGGRESSIVE;
				CLANG_WARN_UNREACHABLE_CODE = YES;
				CLANG_WARN__DUPLICATE_METHOD_MATCH = YES;
				COPY_PHASE_STRIP = NO;
				DEBUG_INFORMATION_FORMAT = "dwarf-with-dsym";
				ENABLE_NS_ASSERTIONS = NO;
				ENABLE_STRICT_OBJC_MSGSEND = YES;
				GCC_C_LANGUAGE_STANDARD = gnu11;
				GCC_NO_COMMON_BLOCKS = YES;
				GCC_WARN_64_TO_32_BIT_CONVERSION = YES;
				GCC_WARN_ABOUT_RETURN_TYPE = YES_ERROR;
				GCC_WARN_UNDECLARED_SELECTOR = YES;
				GCC_WARN_UNINITIALIZED_AUTOS = YES_AGGRESSIVE;
				GCC_WARN_UNUSED_FUNCTION = YES;
				GCC_WARN_UNUSED_VARIABLE = YES;
				MTL_ENABLE_DEBUG_INFO = NO;
				MTL_FAST_MATH = YES;
				SWIFT_COMPILATION_MODE = wholemodule;
				SWIFT_OPTIMIZATION_LEVEL = "-O";
			};
			name = Release;
		};
		81DF3E62296F69D200F7CAFE /* Debug */ = {
			isa = XCBuildConfiguration;
			buildSettings = {
				ASSETCATALOG_COMPILER_APPICON_NAME = AppIcon;
				ASSETCATALOG_COMPILER_GLOBAL_ACCENT_COLOR_NAME = AccentColor;
				CODE_SIGN_STYLE = Automatic;
				CURRENT_PROJECT_VERSION = 1;
				DEVELOPMENT_ASSET_PATHS = "\"PEMPal.1.0 Watch App/Preview Content\"";
				DEVELOPMENT_TEAM = Z8Y8CB2ZKV;
				ENABLE_PREVIEWS = YES;
				GENERATE_INFOPLIST_FILE = YES;
				INFOPLIST_KEY_CFBundleDisplayName = PEMPal.1.0;
				INFOPLIST_KEY_UISupportedInterfaceOrientations = "UIInterfaceOrientationPortrait UIInterfaceOrientationPortraitUpsideDown";
				INFOPLIST_KEY_WKCompanionAppBundleIdentifier = "stanfordbioe141.PEMPal-1-0";
				LD_RUNPATH_SEARCH_PATHS = (
					"$(inherited)",
					"@executable_path/Frameworks",
				);
				MARKETING_VERSION = 1.0;
				PRODUCT_BUNDLE_IDENTIFIER = "stanfordbioe141.PEMPal-1-0.watchkitapp";
				PRODUCT_NAME = "$(TARGET_NAME)";
				SDKROOT = watchos;
				SKIP_INSTALL = YES;
				SWIFT_EMIT_LOC_STRINGS = YES;
				SWIFT_VERSION = 5.0;
				TARGETED_DEVICE_FAMILY = 4;
				WATCHOS_DEPLOYMENT_TARGET = 9.1;
			};
			name = Debug;
		};
		81DF3E63296F69D200F7CAFE /* Release */ = {
			isa = XCBuildConfiguration;
			buildSettings = {
				ASSETCATALOG_COMPILER_APPICON_NAME = AppIcon;
				ASSETCATALOG_COMPILER_GLOBAL_ACCENT_COLOR_NAME = AccentColor;
				CODE_SIGN_STYLE = Automatic;
				CURRENT_PROJECT_VERSION = 1;
				DEVELOPMENT_ASSET_PATHS = "\"PEMPal.1.0 Watch App/Preview Content\"";
				DEVELOPMENT_TEAM = Z8Y8CB2ZKV;
				ENABLE_PREVIEWS = YES;
				GENERATE_INFOPLIST_FILE = YES;
				INFOPLIST_KEY_CFBundleDisplayName = PEMPal.1.0;
				INFOPLIST_KEY_UISupportedInterfaceOrientations = "UIInterfaceOrientationPortrait UIInterfaceOrientationPortraitUpsideDown";
				INFOPLIST_KEY_WKCompanionAppBundleIdentifier = "stanfordbioe141.PEMPal-1-0";
				LD_RUNPATH_SEARCH_PATHS = (
					"$(inherited)",
					"@executable_path/Frameworks",
				);
				MARKETING_VERSION = 1.0;
				PRODUCT_BUNDLE_IDENTIFIER = "stanfordbioe141.PEMPal-1-0.watchkitapp";
				PRODUCT_NAME = "$(TARGET_NAME)";
				SDKROOT = watchos;
				SKIP_INSTALL = YES;
				SWIFT_EMIT_LOC_STRINGS = YES;
				SWIFT_VERSION = 5.0;
				TARGETED_DEVICE_FAMILY = 4;
				VALIDATE_PRODUCT = YES;
				WATCHOS_DEPLOYMENT_TARGET = 9.1;
			};
			name = Release;
		};
		81DF3E66296F69D200F7CAFE /* Debug */ = {
			isa = XCBuildConfiguration;
			buildSettings = {
				ALWAYS_EMBED_SWIFT_STANDARD_LIBRARIES = YES;
				ASSETCATALOG_COMPILER_APPICON_NAME = AppIcon;
				ASSETCATALOG_COMPILER_GLOBAL_ACCENT_COLOR_NAME = AccentColor;
				CODE_SIGN_STYLE = Automatic;
				CURRENT_PROJECT_VERSION = 1;
				DEVELOPMENT_ASSET_PATHS = "\"PEMPal.1.0/Preview Content\"";
				DEVELOPMENT_TEAM = Z8Y8CB2ZKV;
				ENABLE_PREVIEWS = YES;
				GENERATE_INFOPLIST_FILE = YES;
				INFOPLIST_KEY_CFBundleDisplayName = PEMPal.1.0;
				INFOPLIST_KEY_UIApplicationSceneManifest_Generation = YES;
				INFOPLIST_KEY_UIApplicationSupportsIndirectInputEvents = YES;
				INFOPLIST_KEY_UILaunchScreen_Generation = YES;
				INFOPLIST_KEY_UISupportedInterfaceOrientations_iPad = "UIInterfaceOrientationPortrait UIInterfaceOrientationPortraitUpsideDown UIInterfaceOrientationLandscapeLeft UIInterfaceOrientationLandscapeRight";
				INFOPLIST_KEY_UISupportedInterfaceOrientations_iPhone = "UIInterfaceOrientationPortrait UIInterfaceOrientationLandscapeLeft UIInterfaceOrientationLandscapeRight";
				IPHONEOS_DEPLOYMENT_TARGET = 16.2;
				LD_RUNPATH_SEARCH_PATHS = (
					"$(inherited)",
					"@executable_path/Frameworks",
				);
				MARKETING_VERSION = 1.0;
				PRODUCT_BUNDLE_IDENTIFIER = "stanfordbioe141.PEMPal-1-0";
				PRODUCT_NAME = "$(TARGET_NAME)";
				SDKROOT = iphoneos;
				SWIFT_EMIT_LOC_STRINGS = YES;
				SWIFT_VERSION = 5.0;
				TARGETED_DEVICE_FAMILY = "1,2";
			};
			name = Debug;
		};
		81DF3E67296F69D200F7CAFE /* Release */ = {
			isa = XCBuildConfiguration;
			buildSettings = {
				ALWAYS_EMBED_SWIFT_STANDARD_LIBRARIES = YES;
				ASSETCATALOG_COMPILER_APPICON_NAME = AppIcon;
				ASSETCATALOG_COMPILER_GLOBAL_ACCENT_COLOR_NAME = AccentColor;
				CODE_SIGN_STYLE = Automatic;
				CURRENT_PROJECT_VERSION = 1;
				DEVELOPMENT_ASSET_PATHS = "\"PEMPal.1.0/Preview Content\"";
				DEVELOPMENT_TEAM = Z8Y8CB2ZKV;
				ENABLE_PREVIEWS = YES;
				GENERATE_INFOPLIST_FILE = YES;
				INFOPLIST_KEY_CFBundleDisplayName = PEMPal.1.0;
				INFOPLIST_KEY_UIApplicationSceneManifest_Generation = YES;
				INFOPLIST_KEY_UIApplicationSupportsIndirectInputEvents = YES;
				INFOPLIST_KEY_UILaunchScreen_Generation = YES;
				INFOPLIST_KEY_UISupportedInterfaceOrientations_iPad = "UIInterfaceOrientationPortrait UIInterfaceOrientationPortraitUpsideDown UIInterfaceOrientationLandscapeLeft UIInterfaceOrientationLandscapeRight";
				INFOPLIST_KEY_UISupportedInterfaceOrientations_iPhone = "UIInterfaceOrientationPortrait UIInterfaceOrientationLandscapeLeft UIInterfaceOrientationLandscapeRight";
				IPHONEOS_DEPLOYMENT_TARGET = 16.2;
				LD_RUNPATH_SEARCH_PATHS = (
					"$(inherited)",
					"@executable_path/Frameworks",
				);
				MARKETING_VERSION = 1.0;
				PRODUCT_BUNDLE_IDENTIFIER = "stanfordbioe141.PEMPal-1-0";
				PRODUCT_NAME = "$(TARGET_NAME)";
				SDKROOT = iphoneos;
				SWIFT_EMIT_LOC_STRINGS = YES;
				SWIFT_VERSION = 5.0;
				TARGETED_DEVICE_FAMILY = "1,2";
				VALIDATE_PRODUCT = YES;
			};
			name = Release;
		};
		81DF3E69296F69D200F7CAFE /* Debug */ = {
			isa = XCBuildConfiguration;
			buildSettings = {
				ALWAYS_EMBED_SWIFT_STANDARD_LIBRARIES = YES;
				BUNDLE_LOADER = "$(TEST_HOST)";
				CODE_SIGN_STYLE = Automatic;
				CURRENT_PROJECT_VERSION = 1;
				DEVELOPMENT_TEAM = Z8Y8CB2ZKV;
				GENERATE_INFOPLIST_FILE = YES;
				IPHONEOS_DEPLOYMENT_TARGET = 16.2;
				MARKETING_VERSION = 1.0;
				PRODUCT_BUNDLE_IDENTIFIER = "stanfordbioe141.PEMPal-1-0Tests";
				PRODUCT_NAME = "$(TARGET_NAME)";
				SDKROOT = iphoneos;
				SWIFT_EMIT_LOC_STRINGS = NO;
				SWIFT_VERSION = 5.0;
				TARGETED_DEVICE_FAMILY = "1,2";
				TEST_HOST = "$(BUILT_PRODUCTS_DIR)/PEMPal.1.0.app/$(BUNDLE_EXECUTABLE_FOLDER_PATH)/PEMPal.1.0";
			};
			name = Debug;
		};
		81DF3E6A296F69D200F7CAFE /* Release */ = {
			isa = XCBuildConfiguration;
			buildSettings = {
				ALWAYS_EMBED_SWIFT_STANDARD_LIBRARIES = YES;
				BUNDLE_LOADER = "$(TEST_HOST)";
				CODE_SIGN_STYLE = Automatic;
				CURRENT_PROJECT_VERSION = 1;
				DEVELOPMENT_TEAM = Z8Y8CB2ZKV;
				GENERATE_INFOPLIST_FILE = YES;
				IPHONEOS_DEPLOYMENT_TARGET = 16.2;
				MARKETING_VERSION = 1.0;
				PRODUCT_BUNDLE_IDENTIFIER = "stanfordbioe141.PEMPal-1-0Tests";
				PRODUCT_NAME = "$(TARGET_NAME)";
				SDKROOT = iphoneos;
				SWIFT_EMIT_LOC_STRINGS = NO;
				SWIFT_VERSION = 5.0;
				TARGETED_DEVICE_FAMILY = "1,2";
				TEST_HOST = "$(BUILT_PRODUCTS_DIR)/PEMPal.1.0.app/$(BUNDLE_EXECUTABLE_FOLDER_PATH)/PEMPal.1.0";
				VALIDATE_PRODUCT = YES;
			};
			name = Release;
		};
		81DF3E6C296F69D200F7CAFE /* Debug */ = {
			isa = XCBuildConfiguration;
			buildSettings = {
				ALWAYS_EMBED_SWIFT_STANDARD_LIBRARIES = YES;
				CODE_SIGN_STYLE = Automatic;
				CURRENT_PROJECT_VERSION = 1;
				DEVELOPMENT_TEAM = Z8Y8CB2ZKV;
				GENERATE_INFOPLIST_FILE = YES;
				IPHONEOS_DEPLOYMENT_TARGET = 16.2;
				MARKETING_VERSION = 1.0;
				PRODUCT_BUNDLE_IDENTIFIER = "stanfordbioe141.PEMPal-1-0UITests";
				PRODUCT_NAME = "$(TARGET_NAME)";
				SDKROOT = iphoneos;
				SWIFT_EMIT_LOC_STRINGS = NO;
				SWIFT_VERSION = 5.0;
				TARGETED_DEVICE_FAMILY = "1,2";
				TEST_TARGET_NAME = PEMPal.1.0;
			};
			name = Debug;
		};
		81DF3E6D296F69D200F7CAFE /* Release */ = {
			isa = XCBuildConfiguration;
			buildSettings = {
				ALWAYS_EMBED_SWIFT_STANDARD_LIBRARIES = YES;
				CODE_SIGN_STYLE = Automatic;
				CURRENT_PROJECT_VERSION = 1;
				DEVELOPMENT_TEAM = Z8Y8CB2ZKV;
				GENERATE_INFOPLIST_FILE = YES;
				IPHONEOS_DEPLOYMENT_TARGET = 16.2;
				MARKETING_VERSION = 1.0;
				PRODUCT_BUNDLE_IDENTIFIER = "stanfordbioe141.PEMPal-1-0UITests";
				PRODUCT_NAME = "$(TARGET_NAME)";
				SDKROOT = iphoneos;
				SWIFT_EMIT_LOC_STRINGS = NO;
				SWIFT_VERSION = 5.0;
				TARGETED_DEVICE_FAMILY = "1,2";
				TEST_TARGET_NAME = PEMPal.1.0;
				VALIDATE_PRODUCT = YES;
			};
			name = Release;
		};
		81DF3E6F296F69D200F7CAFE /* Debug */ = {
			isa = XCBuildConfiguration;
			buildSettings = {
				ALWAYS_EMBED_SWIFT_STANDARD_LIBRARIES = YES;
				BUNDLE_LOADER = "$(TEST_HOST)";
				CODE_SIGN_STYLE = Automatic;
				CURRENT_PROJECT_VERSION = 1;
				DEVELOPMENT_TEAM = Z8Y8CB2ZKV;
				GENERATE_INFOPLIST_FILE = YES;
				MARKETING_VERSION = 1.0;
				PRODUCT_BUNDLE_IDENTIFIER = "stanfordbioe141.PEMPal-1-0-Watch-AppTests";
				PRODUCT_NAME = "$(TARGET_NAME)";
				SDKROOT = watchos;
				SWIFT_EMIT_LOC_STRINGS = NO;
				SWIFT_VERSION = 5.0;
				TARGETED_DEVICE_FAMILY = 4;
				TEST_HOST = "$(BUILT_PRODUCTS_DIR)/PEMPal.1.0 Watch App.app/$(BUNDLE_EXECUTABLE_FOLDER_PATH)/PEMPal.1.0 Watch App";
				WATCHOS_DEPLOYMENT_TARGET = 9.1;
			};
			name = Debug;
		};
		81DF3E70296F69D200F7CAFE /* Release */ = {
			isa = XCBuildConfiguration;
			buildSettings = {
				ALWAYS_EMBED_SWIFT_STANDARD_LIBRARIES = YES;
				BUNDLE_LOADER = "$(TEST_HOST)";
				CODE_SIGN_STYLE = Automatic;
				CURRENT_PROJECT_VERSION = 1;
				DEVELOPMENT_TEAM = Z8Y8CB2ZKV;
				GENERATE_INFOPLIST_FILE = YES;
				MARKETING_VERSION = 1.0;
				PRODUCT_BUNDLE_IDENTIFIER = "stanfordbioe141.PEMPal-1-0-Watch-AppTests";
				PRODUCT_NAME = "$(TARGET_NAME)";
				SDKROOT = watchos;
				SWIFT_EMIT_LOC_STRINGS = NO;
				SWIFT_VERSION = 5.0;
				TARGETED_DEVICE_FAMILY = 4;
				TEST_HOST = "$(BUILT_PRODUCTS_DIR)/PEMPal.1.0 Watch App.app/$(BUNDLE_EXECUTABLE_FOLDER_PATH)/PEMPal.1.0 Watch App";
				VALIDATE_PRODUCT = YES;
				WATCHOS_DEPLOYMENT_TARGET = 9.1;
			};
			name = Release;
		};
		81DF3E72296F69D200F7CAFE /* Debug */ = {
			isa = XCBuildConfiguration;
			buildSettings = {
				ALWAYS_EMBED_SWIFT_STANDARD_LIBRARIES = YES;
				CODE_SIGN_STYLE = Automatic;
				CURRENT_PROJECT_VERSION = 1;
				DEVELOPMENT_TEAM = Z8Y8CB2ZKV;
				GENERATE_INFOPLIST_FILE = YES;
				MARKETING_VERSION = 1.0;
				PRODUCT_BUNDLE_IDENTIFIER = "stanfordbioe141.PEMPal-1-0-Watch-AppUITests";
				PRODUCT_NAME = "$(TARGET_NAME)";
				SDKROOT = watchos;
				SWIFT_EMIT_LOC_STRINGS = NO;
				SWIFT_VERSION = 5.0;
				TARGETED_DEVICE_FAMILY = 4;
				TEST_TARGET_NAME = "PEMPal.1.0 Watch App";
				WATCHOS_DEPLOYMENT_TARGET = 9.1;
			};
			name = Debug;
		};
		81DF3E73296F69D200F7CAFE /* Release */ = {
			isa = XCBuildConfiguration;
			buildSettings = {
				ALWAYS_EMBED_SWIFT_STANDARD_LIBRARIES = YES;
				CODE_SIGN_STYLE = Automatic;
				CURRENT_PROJECT_VERSION = 1;
				DEVELOPMENT_TEAM = Z8Y8CB2ZKV;
				GENERATE_INFOPLIST_FILE = YES;
				MARKETING_VERSION = 1.0;
				PRODUCT_BUNDLE_IDENTIFIER = "stanfordbioe141.PEMPal-1-0-Watch-AppUITests";
				PRODUCT_NAME = "$(TARGET_NAME)";
				SDKROOT = watchos;
				SWIFT_EMIT_LOC_STRINGS = NO;
				SWIFT_VERSION = 5.0;
				TARGETED_DEVICE_FAMILY = 4;
				TEST_TARGET_NAME = "PEMPal.1.0 Watch App";
				VALIDATE_PRODUCT = YES;
				WATCHOS_DEPLOYMENT_TARGET = 9.1;
			};
			name = Release;
		};
/* End XCBuildConfiguration section */

/* Begin XCConfigurationList section */
		81DF3E10296F69D000F7CAFE /* Build configuration list for PBXProject "PEMPal.1.0" */ = {
			isa = XCConfigurationList;
			buildConfigurations = (
				81DF3E5F296F69D200F7CAFE /* Debug */,
				81DF3E60296F69D200F7CAFE /* Release */,
			);
			defaultConfigurationIsVisible = 0;
			defaultConfigurationName = Release;
		};
		81DF3E61296F69D200F7CAFE /* Build configuration list for PBXNativeTarget "PEMPal.1.0 Watch App" */ = {
			isa = XCConfigurationList;
			buildConfigurations = (
				81DF3E62296F69D200F7CAFE /* Debug */,
				81DF3E63296F69D200F7CAFE /* Release */,
			);
			defaultConfigurationIsVisible = 0;
			defaultConfigurationName = Release;
		};
		81DF3E65296F69D200F7CAFE /* Build configuration list for PBXNativeTarget "PEMPal.1.0" */ = {
			isa = XCConfigurationList;
			buildConfigurations = (
				81DF3E66296F69D200F7CAFE /* Debug */,
				81DF3E67296F69D200F7CAFE /* Release */,
			);
			defaultConfigurationIsVisible = 0;
			defaultConfigurationName = Release;
		};
		81DF3E68296F69D200F7CAFE /* Build configuration list for PBXNativeTarget "PEMPal.1.0Tests" */ = {
			isa = XCConfigurationList;
			buildConfigurations = (
				81DF3E69296F69D200F7CAFE /* Debug */,
				81DF3E6A296F69D200F7CAFE /* Release */,
			);
			defaultConfigurationIsVisible = 0;
			defaultConfigurationName = Release;
		};
		81DF3E6B296F69D200F7CAFE /* Build configuration list for PBXNativeTarget "PEMPal.1.0UITests" */ = {
			isa = XCConfigurationList;
			buildConfigurations = (
				81DF3E6C296F69D200F7CAFE /* Debug */,
				81DF3E6D296F69D200F7CAFE /* Release */,
			);
			defaultConfigurationIsVisible = 0;
			defaultConfigurationName = Release;
		};
		81DF3E6E296F69D200F7CAFE /* Build configuration list for PBXNativeTarget "PEMPal.1.0 Watch AppTests" */ = {
			isa = XCConfigurationList;
			buildConfigurations = (
				81DF3E6F296F69D200F7CAFE /* Debug */,
				81DF3E70296F69D200F7CAFE /* Release */,
			);
			defaultConfigurationIsVisible = 0;
			defaultConfigurationName = Release;
		};
		81DF3E71296F69D200F7CAFE /* Build configuration list for PBXNativeTarget "PEMPal.1.0 Watch AppUITests" */ = {
			isa = XCConfigurationList;
			buildConfigurations = (
				81DF3E72296F69D200F7CAFE /* Debug */,
				81DF3E73296F69D200F7CAFE /* Release */,
			);
			defaultConfigurationIsVisible = 0;
			defaultConfigurationName = Release;
		};
/* End XCConfigurationList section */
	};
	rootObject = 81DF3E0D296F69D000F7CAFE /* Project object */;
}
